{
  "projects": [
    {
      "projectId": "cUjXZ2wVzGNFa4cDmDxyEu",
      "version": "latest",
      "dependencies": {},
      "lang": "js",
      "fileLocks": [
        {
          "type": "globalVariant",
          "assetId": "ARveYtbqgK5j7",
          "checksum": "c29213dd916486480f84f2c5c595b725"
        },
        {
          "assetId": "cUjXZ2wVzGNFa4cDmDxyEu",
          "type": "projectCss",
          "checksum": "f55e585b42e630fa625b1affb1875d65"
        },
        {
          "type": "renderModule",
          "assetId": "RZ5domjaFD",
          "checksum": "65d900e8a7515a4b4a2f67eaaf80c114"
        },
        {
          "type": "cssRules",
          "assetId": "RZ5domjaFD",
          "checksum": "65d900e8a7515a4b4a2f67eaaf80c114"
        },
        {
          "type": "renderModule",
          "assetId": "jGNQ9KCLA4-",
          "checksum": "99bfbb519d966fb0f962efa5bfc4ae24"
        },
        {
          "type": "cssRules",
          "assetId": "jGNQ9KCLA4-",
          "checksum": "99bfbb519d966fb0f962efa5bfc4ae24"
        },
        {
          "type": "icon",
          "assetId": "usOMfldt_",
          "checksum": "54379588b1ca2db0f3d517b2d4e8aaa6"
        },
        {
          "type": "icon",
          "assetId": "d7dhiU-FB3",
          "checksum": "5a6d4518979129e002749f23bd04f41b"
        },
        {
          "type": "icon",
          "assetId": "_jvbX3Libw",
          "checksum": "297f0f53677eba042f302d1f8426d034"
        },
        {
          "type": "icon",
          "assetId": "-UtrY0faITy",
          "checksum": "3bc4d27b3d21e4093898afa0c45bea6b"
        },
        {
          "type": "icon",
          "assetId": "c0VfpELCV6T",
          "checksum": "9733e295af46a1f09fbf4d81a2d804be"
        },
        {
          "type": "image",
          "assetId": "s5_LhmffT",
          "checksum": "85d64bde1376873ebadf2269d3f28d49"
        },
        {
          "type": "image",
          "assetId": "1iFc2vzbqW",
          "checksum": "b508efae1290b8bb80e8e2735e63e7f3"
        },
        {
          "type": "image",
          "assetId": "o3eWLeM9Ah",
          "checksum": "79df46096bcefcd49a80eb098e800005"
        },
        {
          "type": "image",
          "assetId": "J4LCdiAoe6",
          "checksum": "087473026945fd80db155e3a3052b455"
        },
        {
          "type": "image",
          "assetId": "HOkmiltBGF",
          "checksum": "d8248811e55acc1fc2d9e1951ea15746"
        },
        {
          "type": "image",
          "assetId": "V3_AwSfCW0",
          "checksum": "80ae18d0fdfcfb2b9911abf45cfef2b1"
        },
        {
          "type": "image",
          "assetId": "hLrQHZjX0s",
          "checksum": "133a6da9582b68e8cd3a3f68ad2f2c61"
        }
      ],
      "codegenVersion": "0.0.1"
    },
    {
      "projectId": "6WhsUfJBtetLYiFQ7oq2JD",
      "version": "latest",
      "dependencies": {},
      "lang": "js",
      "fileLocks": [
        {
          "type": "globalVariant",
          "assetId": "vS1BTMqeRVtDB",
          "checksum": "ced7adffb91c099745f6620758f77018"
        },
        {
          "assetId": "6WhsUfJBtetLYiFQ7oq2JD",
          "type": "projectCss",
          "checksum": "88c3432c990d92aac57f73e7cdf92f79"
        },
        {
          "type": "renderModule",
          "assetId": "iAsXuAT5kwWE",
          "checksum": "403453cee7c529396c85191bc177a54e"
        },
        {
          "type": "cssRules",
          "assetId": "iAsXuAT5kwWE",
          "checksum": "403453cee7c529396c85191bc177a54e"
        },
        {
          "type": "icon",
          "assetId": "TVBO8o15ir",
          "checksum": "e02580308fcd50430e6e56d6e27e8c90"
        },
        {
          "type": "icon",
          "assetId": "M8jNwnU2Ht",
          "checksum": "209d172e943fa39ab3e80691646c6855"
        },
        {
          "type": "icon",
          "assetId": "yqp6eBOHPA",
          "checksum": "eb171b95e7bf99009dc6e6603e0c6f7e"
        },
        {
          "type": "image",
          "assetId": "X8grWpz5o",
          "checksum": "228c59360419f842086228b52761c66a"
        },
        {
          "type": "image",
          "assetId": "X1ScGMA07G",
          "checksum": "b9a94b4cc10b10f97a80b13c722c94d3"
        },
        {
          "type": "image",
          "assetId": "tm8hEQW3GV",
          "checksum": "91275ff346ab204208faca7ce9233e76"
        },
        {
          "type": "image",
          "assetId": "dZR_ncWM-N",
          "checksum": "d707cfd2bb41477e06b005d5ebbad68d"
        },
        {
          "type": "image",
          "assetId": "tPXvoyvLsT",
          "checksum": "ef129c4c8ba9c96b0fb173b18a032969"
        },
        {
          "type": "image",
          "assetId": "2FtFP7NoRX",
          "checksum": "f8804f73753fb7729d2ab73b7723c2ed"
        },
        {
          "type": "image",
          "assetId": "PJvucDOPGe",
          "checksum": "c98df47a5f68846d9133271f9ca9d21b"
        }
      ],
      "codegenVersion": "0.0.1"
    }
  ],
  "cliVersion": "0.1.187"
}
