{
  "projects": [
    {
      "projectId": "cUjXZ2wVzGNFa4cDmDxyEu",
      "version": "latest",
      "dependencies": {},
      "lang": "js",
      "fileLocks": [
        {
          "type": "globalVariant",
          "assetId": "ARveYtbqgK5j7",
          "checksum": "c29213dd916486480f84f2c5c595b725"
        },
        {
          "type": "renderModule",
          "assetId": "RZ5domjaFD",
          "checksum": "2e683ab370ed73dab6cfe6fc56978e80"
        },
        {
          "type": "cssRules",
          "assetId": "RZ5domjaFD",
          "checksum": "2e683ab370ed73dab6cfe6fc56978e80"
        },
        {
          "type": "icon",
          "assetId": "usOMfldt_",
          "checksum": "54379588b1ca2db0f3d517b2d4e8aaa6"
        },
        {
          "type": "icon",
          "assetId": "d7dhiU-FB3",
          "checksum": "5a6d4518979129e002749f23bd04f41b"
        },
        {
          "type": "icon",
          "assetId": "_jvbX3Libw",
          "checksum": "297f0f53677eba042f302d1f8426d034"
        },
        {
          "type": "icon",
          "assetId": "-UtrY0faITy",
          "checksum": "3bc4d27b3d21e4093898afa0c45bea6b"
        },
        {
          "type": "icon",
          "assetId": "c0VfpELCV6T",
          "checksum": "9733e295af46a1f09fbf4d81a2d804be"
        },
        {
          "type": "image",
          "assetId": "s5_LhmffT",
          "checksum": "85d64bde1376873ebadf2269d3f28d49"
        },
        {
          "type": "image",
          "assetId": "1iFc2vzbqW",
          "checksum": "b508efae1290b8bb80e8e2735e63e7f3"
        },
        {
          "type": "image",
          "assetId": "o3eWLeM9Ah",
          "checksum": "79df46096bcefcd49a80eb098e800005"
        },
        {
          "type": "image",
          "assetId": "J4LCdiAoe6",
          "checksum": "087473026945fd80db155e3a3052b455"
        },
        {
          "type": "image",
          "assetId": "HOkmiltBGF",
          "checksum": "d8248811e55acc1fc2d9e1951ea15746"
        },
        {
          "type": "image",
          "assetId": "V3_AwSfCW0",
          "checksum": "80ae18d0fdfcfb2b9911abf45cfef2b1"
        },
        {
          "type": "image",
          "assetId": "hLrQHZjX0s",
          "checksum": "133a6da9582b68e8cd3a3f68ad2f2c61"
        },
        {
          "assetId": "cUjXZ2wVzGNFa4cDmDxyEu",
          "type": "projectCss",
          "checksum": "c05fe4c8a39e970753c8d1b1039808de"
        },
        {
          "type": "renderModule",
          "assetId": "OGHD-f0niF",
          "checksum": "3574fe0a69002064f4079587c82d1b86"
        },
        {
          "type": "cssRules",
          "assetId": "OGHD-f0niF",
          "checksum": "3574fe0a69002064f4079587c82d1b86"
        },
        {
          "type": "renderModule",
          "assetId": "MB4uDn9qI2c",
          "checksum": "c4d4ffcd82d11d6cc84f770cb31181cf"
        },
        {
          "type": "cssRules",
          "assetId": "MB4uDn9qI2c",
          "checksum": "c4d4ffcd82d11d6cc84f770cb31181cf"
        },
        {
          "type": "renderModule",
          "assetId": "0nT3iDQxEs",
          "checksum": "c9b34a7820096ac03844d0a14b71c338"
        },
        {
          "type": "cssRules",
          "assetId": "0nT3iDQxEs",
          "checksum": "c9b34a7820096ac03844d0a14b71c338"
        },
        {
          "type": "icon",
          "assetId": "03Wlh5nS_0Wr",
          "checksum": "b62500d65863409d830991560bdac956"
        },
        {
          "type": "icon",
          "assetId": "aXjgTNl-B7L_",
          "checksum": "1fc9b9d4f4b72f63b3fd51583ef67acc"
        },
        {
          "type": "icon",
          "assetId": "Zp8c-8dG_Awu",
          "checksum": "ee7d2f9d146a2d552634728a63a092a8"
        },
        {
          "type": "icon",
          "assetId": "HcYJNw-Og0IY",
          "checksum": "72664b0cecd161cefa4ecd54323d4583"
        },
        {
          "type": "icon",
          "assetId": "DZ62nWMsdioT",
          "checksum": "99896f17b079564a0070f694252a3d1b"
        },
        {
          "type": "icon",
          "assetId": "TWvFWym1LWWZ",
          "checksum": "30d50d2ba0f66ec1a0ae97d2c3136987"
        },
        {
          "type": "icon",
          "assetId": "4I8pZA-IbpSv",
          "checksum": "fff688e08477e97cd58fd15339d6c90d"
        },
        {
          "type": "icon",
          "assetId": "_c2KsjKtcJ37",
          "checksum": "67916e45f1eb59292619a674dd20fc06"
        },
        {
          "type": "icon",
          "assetId": "L_x_BwOsx9",
          "checksum": "9e937a558ea9bf06da6488d8a511fff5"
        },
        {
          "type": "icon",
          "assetId": "oRSSUDl3LE",
          "checksum": "c4e520e135f1da0da03123f7e71d4b2d"
        },
        {
          "type": "icon",
          "assetId": "kvjA26nOsE",
          "checksum": "b766cd9c4952f4a13f412abefce7fde7"
        },
        {
          "type": "icon",
          "assetId": "huGsVH6FQYW",
          "checksum": "7f012d584452e48c90bce4dcd94bb94f"
        },
        {
          "type": "icon",
          "assetId": "p2_rCxr4X",
          "checksum": "ca084c55d915de2044fd201717e67237"
        },
        {
          "type": "icon",
          "assetId": "SKFpoUgscz",
          "checksum": "5a506b7d84faf5ac6ebc6eb088bf2916"
        },
        {
          "type": "icon",
          "assetId": "1vXacDibtE",
          "checksum": "d8faf624b7049cab7a64cb16d0338192"
        },
        {
          "type": "icon",
          "assetId": "HqKfSPVKlo",
          "checksum": "848c471aeb7de7c3a3b7bb49979f0ea6"
        },
        {
          "type": "icon",
          "assetId": "QBKfeanqw",
          "checksum": "d3effcd9aa4d632e89d98ebd20102429"
        },
        {
          "type": "icon",
          "assetId": "WUUhNyK1Dm",
          "checksum": "85bffdef285c20d4c51b7f72b1c304e4"
        },
        {
          "type": "icon",
          "assetId": "tE77GgzU8",
          "checksum": "689fda051e2a98a367fcc4f099c3ec98"
        },
        {
          "type": "icon",
          "assetId": "5MN3PrFIVb",
          "checksum": "9700b7eced2829c6c5dbce8fe10bbb86"
        },
        {
          "type": "icon",
          "assetId": "J_Xexu3zfu",
          "checksum": "0e9d0ebbc3a3730aa2a138e17f2b927e"
        },
        {
          "type": "image",
          "assetId": "XNN7_t7bKilX",
          "checksum": "6ff6c6c6e0ea18635b0c050909aef48a"
        },
        {
          "type": "image",
          "assetId": "zt7GB5T5O9Ll",
          "checksum": "fb85a937886f50301f9973994c344240"
        },
        {
          "type": "image",
          "assetId": "G8l0gwvayKUu",
          "checksum": "e404f18cc58802e52e107746743cd5ec"
        },
        {
          "type": "image",
          "assetId": "JMu4Hw7wB93Z",
          "checksum": "d61150ea5c99e752dc7fbb5b95c1bfa6"
        },
        {
          "type": "image",
          "assetId": "jGwJRaQ-s2OO",
          "checksum": "edf7d0f25fe380f21fe44b62fb85909a"
        },
        {
          "type": "image",
          "assetId": "WvQCVjjRp6qM",
          "checksum": "33fbffa54e3d0e58d80dd6455f5f70ac"
        },
        {
          "type": "image",
          "assetId": "ICLSlR7sl3i9",
          "checksum": "f98e542eee20fb4cae2688c405bae258"
        },
        {
          "type": "image",
          "assetId": "RTd0Tfa8RXTc",
          "checksum": "8a8cb449420e2f8a85610172c3ca1ed3"
        },
        {
          "type": "image",
          "assetId": "qohGUrgAw",
          "checksum": "626cfb82c862c3531233cbcb407f3e79"
        },
        {
          "type": "image",
          "assetId": "fyfViLamvU",
          "checksum": "94687debafa71867e272574a38fefc54"
        },
        {
          "type": "image",
          "assetId": "FlJTcqYc70",
          "checksum": "9528161c936e8ff0cab7e8530857a813"
        },
        {
          "type": "image",
          "assetId": "X2ldiZ4UPd",
          "checksum": "bd94660cd8e36f5e0eb7a3b70be588d8"
        },
        {
          "type": "image",
          "assetId": "2LnjU09Oqz",
          "checksum": "f97f5d6e15fd9fff06e04de4429ab73c"
        },
        {
          "type": "image",
          "assetId": "WQDrUE6MPB",
          "checksum": "6981ff5802ba445fa199a656d3b759b3"
        },
        {
          "type": "image",
          "assetId": "Wgn8kN8sQy",
          "checksum": "e1bce2f50c4e9ef8367d4be304e0792d"
        },
        {
          "type": "image",
          "assetId": "KU3h6DO_yo",
          "checksum": "c983cd9cc8c209ec519712f948fb430e"
        },
        {
          "type": "image",
          "assetId": "eAaEL7PNfB",
          "checksum": "74702e79b4373f4e6e3d38fefd98f9bb"
        },
        {
          "type": "image",
          "assetId": "I1nfDvr7Zd",
          "checksum": "e4e8f25792e1a5d68be1f67bc0db6105"
        },
        {
          "type": "image",
          "assetId": "WvYJtnCnup",
          "checksum": "119d804e60f05aaac579ec9b86b2d9bb"
        },
        {
          "type": "image",
          "assetId": "cBUYD3knQz",
          "checksum": "19aad191fceb84aafde6194f6d0adaa2"
        },
        {
          "type": "image",
          "assetId": "tLTOX4d6wz",
          "checksum": "c2dc277b4ba02e9c0569d45e33ae77ed"
        },
        {
          "type": "image",
          "assetId": "ZVqasVy7kRE",
          "checksum": "8e26006957e9ac6841b34bdb271b2863"
        },
        {
          "type": "image",
          "assetId": "JxH_Z3jr21j",
          "checksum": "cdcadeb975a4c28b05ee67f832ec9563"
        },
        {
          "type": "image",
          "assetId": "to0-2M6KEh8",
          "checksum": "4506fa7a209c8ea490f02f4feed675f7"
        },
        {
          "type": "image",
          "assetId": "Jt3BOGYJb3y",
          "checksum": "f08839396a383859d72755c02a28eadc"
        },
        {
          "type": "image",
          "assetId": "e2LAD-kEqEA",
          "checksum": "fc35719334a0ae580777c77226b1e43d"
        },
        {
          "type": "image",
          "assetId": "EQwinQTaiWo",
          "checksum": "198193c5200e51c4f230075a05fa08be"
        },
        {
          "type": "image",
          "assetId": "5VU_JSrHMIq",
          "checksum": "819b32563823e9a164f2f4272898b6a5"
        },
        {
          "type": "image",
          "assetId": "wuYNqT_kLT-",
          "checksum": "dc45cd5f11a8440a608f46d7548a87f5"
        },
        {
          "type": "image",
          "assetId": "m3G2KkCwz5j",
          "checksum": "a173b981409a302fa953568351fe62d1"
        },
        {
          "type": "image",
          "assetId": "N6vclwbfqZt",
          "checksum": "2110485b4270a45ab3c6aee2b455b4c7"
        }
      ],
      "codegenVersion": "0.0.1"
    },
    {
      "projectId": "6WhsUfJBtetLYiFQ7oq2JD",
      "version": "latest",
      "dependencies": {},
      "lang": "js",
      "fileLocks": [
        {
          "type": "globalVariant",
          "assetId": "vS1BTMqeRVtDB",
          "checksum": "ced7adffb91c099745f6620758f77018"
        },
        {
          "assetId": "6WhsUfJBtetLYiFQ7oq2JD",
          "type": "projectCss",
          "checksum": "88c3432c990d92aac57f73e7cdf92f79"
        },
        {
          "type": "renderModule",
          "assetId": "iAsXuAT5kwWE",
          "checksum": "403453cee7c529396c85191bc177a54e"
        },
        {
          "type": "cssRules",
          "assetId": "iAsXuAT5kwWE",
          "checksum": "403453cee7c529396c85191bc177a54e"
        },
        {
          "type": "icon",
          "assetId": "TVBO8o15ir",
          "checksum": "e02580308fcd50430e6e56d6e27e8c90"
        },
        {
          "type": "icon",
          "assetId": "M8jNwnU2Ht",
          "checksum": "209d172e943fa39ab3e80691646c6855"
        },
        {
          "type": "icon",
          "assetId": "yqp6eBOHPA",
          "checksum": "eb171b95e7bf99009dc6e6603e0c6f7e"
        },
        {
          "type": "image",
          "assetId": "X8grWpz5o",
          "checksum": "228c59360419f842086228b52761c66a"
        },
        {
          "type": "image",
          "assetId": "X1ScGMA07G",
          "checksum": "b9a94b4cc10b10f97a80b13c722c94d3"
        },
        {
          "type": "image",
          "assetId": "tm8hEQW3GV",
          "checksum": "91275ff346ab204208faca7ce9233e76"
        },
        {
          "type": "image",
          "assetId": "dZR_ncWM-N",
          "checksum": "d707cfd2bb41477e06b005d5ebbad68d"
        },
        {
          "type": "image",
          "assetId": "tPXvoyvLsT",
          "checksum": "ef129c4c8ba9c96b0fb173b18a032969"
        },
        {
          "type": "image",
          "assetId": "2FtFP7NoRX",
          "checksum": "f8804f73753fb7729d2ab73b7723c2ed"
        },
        {
          "type": "image",
          "assetId": "PJvucDOPGe",
          "checksum": "c98df47a5f68846d9133271f9ca9d21b"
        }
      ],
      "codegenVersion": "0.0.1"
    }
  ],
  "cliVersion": "0.1.187"
}
